{
    "_readme": [
        "This file locks the dependencies of your project to a known state",
        "Read more about it at https://getcomposer.org/doc/01-basic-usage.md#composer-lock-the-lock-file",
        "This file is @generated automatically"
    ],
    "hash": "94a7692f10b5ce500bab2bf80521eca3",
    "content-hash": "30366dbd755049fff1132aa8af900485",
    "packages": [
        {
            "name": "composer/installers",
            "version": "v1.1.0",
            "source": {
                "type": "git",
                "url": "https://github.com/composer/installers.git",
                "reference": "a3595c5272a6f247228abb20076ed27321e4aae9"
            },
            "dist": {
                "type": "zip",
                "url": "https://api.github.com/repos/composer/installers/zipball/a3595c5272a6f247228abb20076ed27321e4aae9",
                "reference": "a3595c5272a6f247228abb20076ed27321e4aae9",
                "shasum": ""
            },
            "require": {
                "composer-plugin-api": "^1.0"
            },
            "replace": {
                "roundcube/plugin-installer": "*",
                "shama/baton": "*"
            },
            "require-dev": {
                "composer/composer": "1.0.*@dev",
                "phpunit/phpunit": "4.1.*"
            },
            "type": "composer-plugin",
            "extra": {
                "class": "Composer\\Installers\\Plugin",
                "branch-alias": {
                    "dev-master": "1.0-dev"
                }
            },
            "autoload": {
                "psr-4": {
                    "Composer\\Installers\\": "src/Composer/Installers"
                }
            },
            "notification-url": "https://packagist.org/downloads/",
            "license": [
                "MIT"
            ],
            "authors": [
                {
                    "name": "Kyle Robinson Young",
                    "email": "kyle@dontkry.com",
                    "homepage": "https://github.com/shama"
                }
            ],
            "description": "A multi-framework Composer library installer",
            "homepage": "https://composer.github.io/installers/",
            "keywords": [
                "Craft",
                "Dolibarr",
                "Hurad",
                "ImageCMS",
                "MODX Evo",
                "Mautic",
                "OXID",
                "RadPHP",
                "SMF",
                "Thelia",
                "WolfCMS",
                "agl",
                "aimeos",
                "annotatecms",
                "bitrix",
                "cakephp",
                "chef",
                "codeigniter",
                "concrete5",
                "croogo",
                "dokuwiki",
                "drupal",
                "elgg",
                "expressionengine",
                "fuelphp",
                "grav",
                "installer",
                "joomla",
                "kohana",
                "laravel",
                "lithium",
                "magento",
                "mako",
                "mediawiki",
                "modulework",
                "moodle",
                "phpbb",
                "piwik",
                "ppi",
                "puppet",
                "roundcube",
                "shopware",
                "silverstripe",
                "symfony",
                "typo3",
                "wordpress",
                "zend",
                "zikula"
            ],
            "time": "2016-07-05 06:18:20"
        },
        {
            "name": "desarrolla2/cache",
            "version": "v2.1.0",
            "source": {
                "type": "git",
                "url": "https://github.com/desarrolla2/Cache.git",
                "reference": "5a9b1b55cf666328cb3ca161357ccd767225fea0"
            },
            "dist": {
                "type": "zip",
                "url": "https://api.github.com/repos/desarrolla2/Cache/zipball/5a9b1b55cf666328cb3ca161357ccd767225fea0",
                "reference": "5a9b1b55cf666328cb3ca161357ccd767225fea0",
                "shasum": ""
            },
            "require": {
                "php": ">=5.4.0"
            },
            "require-dev": {
                "predis/predis": "~1.0.0"
            },
            "suggest": {
                "predis/predis": "Predis support"
            },
            "type": "library",
            "autoload": {
                "psr-4": {
                    "Desarrolla2\\Cache\\": "src/",
                    "Desarrolla2\\Test\\Cache\\": "test/"
                }
            },
            "notification-url": "https://packagist.org/downloads/",
            "license": [
                "MIT"
            ],
            "authors": [
                {
                    "name": "Daniel González",
                    "homepage": "http://desarrolla2.com/"
                }
            ],
            "description": "Provides an cache interface for several adapters Apc, Apcu, File, Mongo, Memcache, Memcached, Mysql, Mongo, Redis is supported. New adapters is comming!",
            "homepage": "https://github.com/desarrolla2/Cache/",
            "keywords": [
                "apc",
                "apcu",
                "cache",
                "file",
                "memcache",
                "memcached",
                "mongo",
                "mysql",
                "redis"
            ],
            "time": "2015-11-26 12:29:49"
        },
        {
            "name": "harperjones/tripolis-api",
            "version": "dev-master",
            "source": {
                "type": "git",
                "url": "git@bitbucket.org:harperjones/tripolis-api.git",
                "reference": "a319ec83dedc5e9b0981a89c02ecb7634e402e0f"
            },
            "require": {
                "desarrolla2/cache": "~2.0",
                "php": ">=5.4"
            },
            "type": "library",
            "autoload": {
                "psr-4": {
                    "HarperJones\\Tripolis\\": "src"
                }
            },
            "license": [
                "MIT"
            ],
            "authors": [
                {
                    "name": "peter.eussen",
                    "email": "peter.eussen@harperjones.nl"
                }
            ],
            "description": "Tripolis Mail Application API",
            "keywords": [
                "API",
                "SOAP",
                "Tripolis"
            ],
            "time": "2016-07-04 12:52:40"
        },
        {
            "name": "michaeluno/admin-page-framework",
            "version": "3.8.1",
            "source": {
                "type": "git",
                "url": "https://github.com/michaeluno/admin-page-framework.git",
                "reference": "08e561baa335854e53b2e9603af83c6aa12f2a54"
            },
            "dist": {
                "type": "zip",
                "url": "https://api.github.com/repos/michaeluno/admin-page-framework/zipball/08e561baa335854e53b2e9603af83c6aa12f2a54",
                "reference": "08e561baa335854e53b2e9603af83c6aa12f2a54",
                "shasum": ""
            },
            "require": {
                "php": ">=5.2.4"
            },
            "type": "library",
            "notification-url": "https://packagist.org/downloads/",
            "license": [
                "GPL-2.0+"
            ],
            "description": "A PHP class based framework which facilitates WordPress plugin and theme development.",
            "homepage": "http://admin-page-framework.michaeluno.jp/",
            "keywords": [
                "Settings",
                "admin page",
                "form",
                "framework",
                "options",
                "plugin",
                "wordpress"
            ],
            "time": "2016-08-02 01:54:06"
        },
        {
            "name": "pimple/pimple",
            "version": "v3.0.2",
            "source": {
                "type": "git",
                "url": "https://github.com/silexphp/Pimple.git",
                "reference": "a30f7d6e57565a2e1a316e1baf2a483f788b258a"
            },
            "dist": {
                "type": "zip",
                "url": "https://api.github.com/repos/silexphp/Pimple/zipball/a30f7d6e57565a2e1a316e1baf2a483f788b258a",
                "reference": "a30f7d6e57565a2e1a316e1baf2a483f788b258a",
                "shasum": ""
            },
            "require": {
                "php": ">=5.3.0"
            },
            "type": "library",
            "extra": {
                "branch-alias": {
                    "dev-master": "3.0.x-dev"
                }
            },
            "autoload": {
                "psr-0": {
                    "Pimple": "src/"
                }
            },
            "notification-url": "https://packagist.org/downloads/",
            "license": [
                "MIT"
            ],
            "authors": [
                {
                    "name": "Fabien Potencier",
                    "email": "fabien@symfony.com"
                }
            ],
            "description": "Pimple, a simple Dependency Injection Container",
            "homepage": "http://pimple.sensiolabs.org",
            "keywords": [
                "container",
                "dependency injection"
            ],
            "time": "2015-09-11 15:10:35"
        }
    ],
    "packages-dev": [],
    "aliases": [],
    "minimum-stability": "stable",
    "stability-flags": {
        "harperjones/tripolis-api": 20
    },
    "prefer-stable": false,
    "prefer-lowest": false,
    "platform": {
        "php": ">=5.4.0"
    },
    "platform-dev": []
}
